// !$*UTF8*$!
{
	archiveVersion = 1;
	classes = {
	};
	objectVersion = 50;
	objects = {

/* Begin PBXBuildFile section */
		AB3F2CB92485FA57006A9F72 /* constants.swift in Sources */ = {isa = PBXBuildFile; fileRef = AB3F2CB82485FA57006A9F72 /* constants.swift */; };
		AB3F2CBB2485FE2B006A9F72 /* video.swift in Sources */ = {isa = PBXBuildFile; fileRef = AB3F2CBA2485FE2B006A9F72 /* video.swift */; };
		AB3F2CBD2485FED6006A9F72 /* Model.swift in Sources */ = {isa = PBXBuildFile; fileRef = AB3F2CBC2485FED6006A9F72 /* Model.swift */; };
		ABFF29CF2485DCD8008E8B9A /* AppDelegate.swift in Sources */ = {isa = PBXBuildFile; fileRef = ABFF29CE2485DCD8008E8B9A /* AppDelegate.swift */; };
		ABFF29D12485DCD8008E8B9A /* SceneDelegate.swift in Sources */ = {isa = PBXBuildFile; fileRef = ABFF29D02485DCD8008E8B9A /* SceneDelegate.swift */; };
		ABFF29D32485DCD8008E8B9A /* ViewController.swift in Sources */ = {isa = PBXBuildFile; fileRef = ABFF29D22485DCD8008E8B9A /* ViewController.swift */; };
		ABFF29D62485DCD8008E8B9A /* Main.storyboard in Resources */ = {isa = PBXBuildFile; fileRef = ABFF29D42485DCD8008E8B9A /* Main.storyboard */; };
		ABFF29D82485DCDB008E8B9A /* Assets.xcassets in Resources */ = {isa = PBXBuildFile; fileRef = ABFF29D72485DCDB008E8B9A /* Assets.xcassets */; };
		ABFF29DB2485DCDB008E8B9A /* LaunchScreen.storyboard in Resources */ = {isa = PBXBuildFile; fileRef = ABFF29D92485DCDB008E8B9A /* LaunchScreen.storyboard */; };
/* End PBXBuildFile section */

/* Begin PBXFileReference section */
		AB3F2CB82485FA57006A9F72 /* constants.swift */ = {isa = PBXFileReference; lastKnownFileType = sourcecode.swift; path = constants.swift; sourceTree = "<group>"; };
		AB3F2CBA2485FE2B006A9F72 /* video.swift */ = {isa = PBXFileReference; lastKnownFileType = sourcecode.swift; path = video.swift; sourceTree = "<group>"; };
		AB3F2CBC2485FED6006A9F72 /* Model.swift */ = {isa = PBXFileReference; lastKnownFileType = sourcecode.swift; path = Model.swift; sourceTree = "<group>"; };
		ABFF29CB2485DCD8008E8B9A /* youtubexcodeapp.app */ = {isa = PBXFileReference; explicitFileType = wrapper.application; includeInIndex = 0; path = youtubexcodeapp.app; sourceTree = BUILT_PRODUCTS_DIR; };
		ABFF29CE2485DCD8008E8B9A /* AppDelegate.swift */ = {isa = PBXFileReference; lastKnownFileType = sourcecode.swift; path = AppDelegate.swift; sourceTree = "<group>"; };
		ABFF29D02485DCD8008E8B9A /* SceneDelegate.swift */ = {isa = PBXFileReference; lastKnownFileType = sourcecode.swift; path = SceneDelegate.swift; sourceTree = "<group>"; };
		ABFF29D22485DCD8008E8B9A /* ViewController.swift */ = {isa = PBXFileReference; lastKnownFileType = sourcecode.swift; path = ViewController.swift; sourceTree = "<group>"; };
		ABFF29D52485DCD8008E8B9A /* Base */ = {isa = PBXFileReference; lastKnownFileType = file.storyboard; name = Base; path = Base.lproj/Main.storyboard; sourceTree = "<group>"; };
		ABFF29D72485DCDB008E8B9A /* Assets.xcassets */ = {isa = PBXFileReference; lastKnownFileType = folder.assetcatalog; path = Assets.xcassets; sourceTree = "<group>"; };
		ABFF29DA2485DCDB008E8B9A /* Base */ = {isa = PBXFileReference; lastKnownFileType = file.storyboard; name = Base; path = Base.lproj/LaunchScreen.storyboard; sourceTree = "<group>"; };
		ABFF29DC2485DCDB008E8B9A /* Info.plist */ = {isa = PBXFileReference; lastKnownFileType = text.plist.xml; path = Info.plist; sourceTree = "<group>"; };
/* End PBXFileReference section */

/* Begin PBXFrameworksBuildPhase section */
		ABFF29C82485DCD8008E8B9A /* Frameworks */ = {
			isa = PBXFrameworksBuildPhase;
			buildActionMask = 2147483647;
			files = (
			);
			runOnlyForDeploymentPostprocessing = 0;
		};
/* End PBXFrameworksBuildPhase section */

/* Begin PBXGroup section */
		ABFF29C22485DCD8008E8B9A = {
			isa = PBXGroup;
			children = (
				ABFF29CD2485DCD8008E8B9A /* youtubexcodeapp */,
				ABFF29CC2485DCD8008E8B9A /* Products */,
			);
			sourceTree = "<group>";
		};
		ABFF29CC2485DCD8008E8B9A /* Products */ = {
			isa = PBXGroup;
			children = (
				ABFF29CB2485DCD8008E8B9A /* youtubexcodeapp.app */,
			);
			name = Products;
			sourceTree = "<group>";
		};
		ABFF29CD2485DCD8008E8B9A /* youtubexcodeapp */ = {
			isa = PBXGroup;
			children = (
				ABFF29CE2485DCD8008E8B9A /* AppDelegate.swift */,
				ABFF29D02485DCD8008E8B9A /* SceneDelegate.swift */,
				ABFF29D22485DCD8008E8B9A /* ViewController.swift */,
				ABFF29D42485DCD8008E8B9A /* Main.storyboard */,
				ABFF29D72485DCDB008E8B9A /* Assets.xcassets */,
				ABFF29D92485DCDB008E8B9A /* LaunchScreen.storyboard */,
				ABFF29DC2485DCDB008E8B9A /* Info.plist */,
				AB3F2CB82485FA57006A9F72 /* constants.swift */,
				AB3F2CBA2485FE2B006A9F72 /* video.swift */,
				AB3F2CBC2485FED6006A9F72 /* Model.swift */,
			);
			path = youtubexcodeapp;
			sourceTree = "<group>";
		};
/* End PBXGroup section */

/* Begin PBXNativeTarget section */
		ABFF29CA2485DCD8008E8B9A /* youtubexcodeapp */ = {
			isa = PBXNativeTarget;
			buildConfigurationList = ABFF29DF2485DCDB008E8B9A /* Build configuration list for PBXNativeTarget "youtubexcodeapp" */;
			buildPhases = (
				ABFF29C72485DCD8008E8B9A /* Sources */,
				ABFF29C82485DCD8008E8B9A /* Frameworks */,
				ABFF29C92485DCD8008E8B9A /* Resources */,
			);
			buildRules = (
			);
			dependencies = (
			);
			name = youtubexcodeapp;
			productName = youtubexcodeapp;
			productReference = ABFF29CB2485DCD8008E8B9A /* youtubexcodeapp.app */;
			productType = "com.apple.product-type.application";
		};
/* End PBXNativeTarget section */

/* Begin PBXProject section */
		ABFF29C32485DCD8008E8B9A /* Project object */ = {
			isa = PBXProject;
			attributes = {
				LastSwiftUpdateCheck = 1140;
				LastUpgradeCheck = 1140;
				ORGANIZATIONNAME = "Dave Whettingsteel";
				TargetAttributes = {
					ABFF29CA2485DCD8008E8B9A = {
						CreatedOnToolsVersion = 11.4.1;
					};
				};
			};
			buildConfigurationList = ABFF29C62485DCD8008E8B9A /* Build configuration list for PBXProject "youtubexcodeapp" */;
			compatibilityVersion = "Xcode 9.3";
			developmentRegion = en;
			hasScannedForEncodings = 0;
			knownRegions = (
				en,
				Base,
			);
			mainGroup = ABFF29C22485DCD8008E8B9A;
			productRefGroup = ABFF29CC2485DCD8008E8B9A /* Products */;
			projectDirPath = "";
			projectRoot = "";
			targets = (
				ABFF29CA2485DCD8008E8B9A /* youtubexcodeapp */,
			);
		};
/* End PBXProject section */

/* Begin PBXResourcesBuildPhase section */
		ABFF29C92485DCD8008E8B9A /* Resources */ = {
			isa = PBXResourcesBuildPhase;
			buildActionMask = 2147483647;
			files = (
				ABFF29DB2485DCDB008E8B9A /* LaunchScreen.storyboard in Resources */,
				ABFF29D82485DCDB008E8B9A /* Assets.xcassets in Resources */,
				ABFF29D62485DCD8008E8B9A /* Main.storyboard in Resources */,
			);
			runOnlyForDeploymentPostprocessing = 0;
		};
/* End PBXResourcesBuildPhase section */

/* Begin PBXSourcesBuildPhase section */
		ABFF29C72485DCD8008E8B9A /* Sources */ = {
			isa = PBXSourcesBuildPhase;
			buildActionMask = 2147483647;
			files = (
				ABFF29D32485DCD8008E8B9A /* ViewController.swift in Sources */,
				AB3F2CB92485FA57006A9F72 /* constants.swift in Sources */,
				ABFF29CF2485DCD8008E8B9A /* AppDelegate.swift in Sources */,
				AB3F2CBD2485FED6006A9F72 /* Model.swift in Sources */,
				ABFF29D12485DCD8008E8B9A /* SceneDelegate.swift in Sources */,
				AB3F2CBB2485FE2B006A9F72 /* video.swift in Sources */,
			);
			runOnlyForDeploymentPostprocessing = 0;
		};
/* End PBXSourcesBuildPhase section */

/* Begin PBXVariantGroup section */
		ABFF29D42485DCD8008E8B9A /* Main.storyboard */ = {
			isa = PBXVariantGroup;
			children = (
				ABFF29D52485DCD8008E8B9A /* Base */,
			);
			name = Main.storyboard;
			sourceTree = "<group>";
		};
		ABFF29D92485DCDB008E8B9A /* LaunchScreen.storyboard */ = {
			isa = PBXVariantGroup;
			children = (
				ABFF29DA2485DCDB008E8B9A /* Base */,
			);
			name = LaunchScreen.storyboard;
			sourceTree = "<group>";
		};
/* End PBXVariantGroup section */

/* Begin XCBuildConfiguration section */
		ABFF29DD2485DCDB008E8B9A /* Debug */ = {
			isa = XCBuildConfiguration;
			buildSettings = {
				ALWAYS_SEARCH_USER_PATHS = NO;
				CLANG_ANALYZER_NONNULL = YES;
				CLANG_ANALYZER_NUMBER_OBJECT_CONVERSION = YES_AGGRESSIVE;
				CLANG_CXX_LANGUAGE_STANDARD = "gnu++14";
				CLANG_CXX_LIBRARY = "libc++";
				CLANG_ENABLE_MODULES = YES;
				CLANG_ENABLE_OBJC_ARC = YES;
				CLANG_ENABLE_OBJC_WEAK = YES;
				CLANG_WARN_BLOCK_CAPTURE_AUTORELEASING = YES;
				CLANG_WARN_BOOL_CONVERSION = YES;
				CLANG_WARN_COMMA = YES;
				CLANG_WARN_CONSTANT_CONVERSION = YES;
				CLANG_WARN_DEPRECATED_OBJC_IMPLEMENTATIONS = YES;
				CLANG_WARN_DIRECT_OBJC_ISA_USAGE = YES_ERROR;
				CLANG_WARN_DOCUMENTATION_COMMENTS = YES;
				CLANG_WARN_EMPTY_BODY = YES;
				CLANG_WARN_ENUM_CONVERSION = YES;
				CLANG_WARN_INFINITE_RECURSION = YES;
				CLANG_WARN_INT_CONVERSION = YES;
				CLANG_WARN_NON_LITERAL_NULL_CONVERSION = YES;
				CLANG_WARN_OBJC_IMPLICIT_RETAIN_SELF = YES;
				CLANG_WARN_OBJC_LITERAL_CONVERSION = YES;
				CLANG_WARN_OBJC_ROOT_CLASS = YES_ERROR;
				CLANG_WARN_RANGE_LOOP_ANALYSIS = YES;
				CLANG_WARN_STRICT_PROTOTYPES = YES;
				CLANG_WARN_SUSPICIOUS_MOVE = YES;
				CLANG_WARN_UNGUARDED_AVAILABILITY = YES_AGGRESSIVE;
				CLANG_WARN_UNREACHABLE_CODE = YES;
				CLANG_WARN__DUPLICATE_METHOD_MATCH = YES;
				COPY_PHASE_STRIP = NO;
				DEBUG_INFORMATION_FORMAT = dwarf;
				ENABLE_STRICT_OBJC_MSGSEND = YES;
				ENABLE_TESTABILITY = YES;
				GCC_C_LANGUAGE_STANDARD = gnu11;
				GCC_DYNAMIC_NO_PIC = NO;
				GCC_NO_COMMON_BLOCKS = YES;
				GCC_OPTIMIZATION_LEVEL = 0;
				GCC_PREPROCESSOR_DEFINITIONS = (
					"DEBUG=1",
					"$(inherited)",
				);
				GCC_WARN_64_TO_32_BIT_CONVERSION = YES;
				GCC_WARN_ABOUT_RETURN_TYPE = YES_ERROR;
				GCC_WARN_UNDECLARED_SELECTOR = YES;
				GCC_WARN_UNINITIALIZED_AUTOS = YES_AGGRESSIVE;
				GCC_WARN_UNUSED_FUNCTION = YES;
				GCC_WARN_UNUSED_VARIABLE = YES;
				IPHONEOS_DEPLOYMENT_TARGET = 13.4;
				MTL_ENABLE_DEBUG_INFO = INCLUDE_SOURCE;
				MTL_FAST_MATH = YES;
				ONLY_ACTIVE_ARCH = YES;
				SDKROOT = iphoneos;
				SWIFT_ACTIVE_COMPILATION_CONDITIONS = DEBUG;
				SWIFT_OPTIMIZATION_LEVEL = "-Onone";
			};
			name = Debug;
		};
		ABFF29DE2485DCDB008E8B9A /* Release */ = {
			isa = XCBuildConfiguration;
			buildSettings = {
				ALWAYS_SEARCH_USER_PATHS = NO;
				CLANG_ANALYZER_NONNULL = YES;
				CLANG_ANALYZER_NUMBER_OBJECT_CONVERSION = YES_AGGRESSIVE;
				CLANG_CXX_LANGUAGE_STANDARD = "gnu++14";
				CLANG_CXX_LIBRARY = "libc++";
				CLANG_ENABLE_MODULES = YES;
				CLANG_ENABLE_OBJC_ARC = YES;
				CLANG_ENABLE_OBJC_WEAK = YES;
				CLANG_WARN_BLOCK_CAPTURE_AUTORELEASING = YES;
				CLANG_WARN_BOOL_CONVERSION = YES;
				CLANG_WARN_COMMA = YES;
				CLANG_WARN_CONSTANT_CONVERSION = YES;
				CLANG_WARN_DEPRECATED_OBJC_IMPLEMENTATIONS = YES;
				CLANG_WARN_DIRECT_OBJC_ISA_USAGE = YES_ERROR;
				CLANG_WARN_DOCUMENTATION_COMMENTS = YES;
				CLANG_WARN_EMPTY_BODY = YES;
				CLANG_WARN_ENUM_CONVERSION = YES;
				CLANG_WARN_INFINITE_RECURSION = YES;
				CLANG_WARN_INT_CONVERSION = YES;
				CLANG_WARN_NON_LITERAL_NULL_CONVERSION = YES;
				CLANG_WARN_OBJC_IMPLICIT_RETAIN_SELF = YES;
				CLANG_WARN_OBJC_LITERAL_CONVERSION = YES;
				CLANG_WARN_OBJC_ROOT_CLASS = YES_ERROR;
				CLANG_WARN_RANGE_LOOP_ANALYSIS = YES;
				CLANG_WARN_STRICT_PROTOTYPES = YES;
				CLANG_WARN_SUSPICIOUS_MOVE = YES;
				CLANG_WARN_UNGUARDED_AVAILABILITY = YES_AGGRESSIVE;
				CLANG_WARN_UNREACHABLE_CODE = YES;
				CLANG_WARN__DUPLICATE_METHOD_MATCH = YES;
				COPY_PHASE_STRIP = NO;
				DEBUG_INFORMATION_FORMAT = "dwarf-with-dsym";
				ENABLE_NS_ASSERTIONS = NO;
				ENABLE_STRICT_OBJC_MSGSEND = YES;
				GCC_C_LANGUAGE_STANDARD = gnu11;
				GCC_NO_COMMON_BLOCKS = YES;
				GCC_WARN_64_TO_32_BIT_CONVERSION = YES;
				GCC_WARN_ABOUT_RETURN_TYPE = YES_ERROR;
				GCC_WARN_UNDECLARED_SELECTOR = YES;
				GCC_WARN_UNINITIALIZED_AUTOS = YES_AGGRESSIVE;
				GCC_WARN_UNUSED_FUNCTION = YES;
				GCC_WARN_UNUSED_VARIABLE = YES;
				IPHONEOS_DEPLOYMENT_TARGET = 13.4;
				MTL_ENABLE_DEBUG_INFO = NO;
				MTL_FAST_MATH = YES;
				SDKROOT = iphoneos;
				SWIFT_COMPILATION_MODE = wholemodule;
				SWIFT_OPTIMIZATION_LEVEL = "-O";
				VALIDATE_PRODUCT = YES;
			};
			name = Release;
		};
		ABFF29E02485DCDB008E8B9A /* Debug */ = {
			isa = XCBuildConfiguration;
			buildSettings = {
				ASSETCATALOG_COMPILER_APPICON_NAME = AppIcon;
				CODE_SIGN_STYLE = Automatic;
				DEVELOPMENT_TEAM = 27KL3587U5;
				INFOPLIST_FILE = youtubexcodeapp/Info.plist;
				LD_RUNPATH_SEARCH_PATHS = (
					"$(inherited)",
					"@executable_path/Frameworks",
				);
				PRODUCT_BUNDLE_IDENTIFIER = "Whettingsteel-Consulting.youtubexcodeapp";
				PRODUCT_NAME = "$(TARGET_NAME)";
				SWIFT_VERSION = 5.0;
				TARGETED_DEVICE_FAMILY = "1,2";
			};
			name = Debug;
		};
		ABFF29E12485DCDB008E8B9A /* Release */ = {
			isa = XCBuildConfiguration;
			buildSettings = {
				ASSETCATALOG_COMPILER_APPICON_NAME = AppIcon;
				CODE_SIGN_STYLE = Automatic;
				DEVELOPMENT_TEAM = 27KL3587U5;
				INFOPLIST_FILE = youtubexcodeapp/Info.plist;
				LD_RUNPATH_SEARCH_PATHS = (
					"$(inherited)",
					"@executable_path/Frameworks",
				);
				PRODUCT_BUNDLE_IDENTIFIER = "Whettingsteel-Consulting.youtubexcodeapp";
				PRODUCT_NAME = "$(TARGET_NAME)";
				SWIFT_VERSION = 5.0;
				TARGETED_DEVICE_FAMILY = "1,2";
			};
			name = Release;
		};
/* End XCBuildConfiguration section */

/* Begin XCConfigurationList section */
		ABFF29C62485DCD8008E8B9A /* Build configuration list for PBXProject "youtubexcodeapp" */ = {
			isa = XCConfigurationList;
			buildConfigurations = (
				ABFF29DD2485DCDB008E8B9A /* Debug */,
				ABFF29DE2485DCDB008E8B9A /* Release */,
			);
			defaultConfigurationIsVisible = 0;
			defaultConfigurationName = Release;
		};
		ABFF29DF2485DCDB008E8B9A /* Build configuration list for PBXNativeTarget "youtubexcodeapp" */ = {
			isa = XCConfigurationList;
			buildConfigurations = (
				ABFF29E02485DCDB008E8B9A /* Debug */,
				ABFF29E12485DCDB008E8B9A /* Release */,
			);
			defaultConfigurationIsVisible = 0;
			defaultConfigurationName = Release;
		};
/* End XCConfigurationList section */
	};
	rootObject = ABFF29C32485DCD8008E8B9A /* Project object */;
}
